Microsoft Visual Studio Solution File, Format Version 12.00
# Visual Studio Version 16
VisualStudioVersion = 16.0.0.0
MinimumVisualStudioVersion = 16.0.0.0
Project("{9A19103F-16F7-4668-BE54-9A1E7A4F7556}") = "BlazorWebAssembly.Server", "Server\BlazorWebAssembly.Server.csproj", "{33B59222-F83C-457C-A736-470FF2507FC3}"
EndProject
Project("{9A19103F-16F7-4668-BE54-9A1E7A4F7556}") = "BlazorWebAssembly.Client", "Client\BlazorWebAssembly.Client.csproj", "{6C17EFD4-C45A-4B10-A89B-68F2585BFCEB}"
EndProject
Project("{9A19103F-16F7-4668-BE54-9A1E7A4F7556}") = "BlazorWebAssembly.Shared", "Shared\BlazorWebAssembly.Shared.csproj", "{0CE58719-AA39-48CA-AA47-AE83066D53EB}"
EndProject
Global
	GlobalSection(SolutionConfigurationPlatforms) = preSolution
		Debug|Any CPU = Debug|Any CPU
		Debug|x64 = Debug|x64
		Debug|x86 = Debug|x86
		Release|Any CPU = Release|Any CPU
		Release|x64 = Release|x64
		Release|x86 = Release|x86
	EndGlobalSection
	GlobalSection(ProjectConfigurationPlatforms) = postSolution
		{6C17EFD4-C45A-4B10-A89B-68F2585BFCEB}.Debug|Any CPU.ActiveCfg = Debug|Any CPU
		{6C17EFD4-C45A-4B10-A89B-68F2585BFCEB}.Debug|Any CPU.Build.0 = Debug|Any CPU
		{6C17EFD4-C45A-4B10-A89B-68F2585BFCEB}.Debug|x64.ActiveCfg = Debug|Any CPU
		{6C17EFD4-C45A-4B10-A89B-68F2585BFCEB}.Debug|x64.Build.0 = Debug|Any CPU
		{6C17EFD4-C45A-4B10-A89B-68F2585BFCEB}.Debug|x86.ActiveCfg = Debug|Any CPU
		{6C17EFD4-C45A-4B10-A89B-68F2585BFCEB}.Debug|x86.Build.0 = Debug|Any CPU
		{6C17EFD4-C45A-4B10-A89B-68F2585BFCEB}.Release|Any CPU.ActiveCfg = Release|Any CPU
		{6C17EFD4-C45A-4B10-A89B-68F2585BFCEB}.Release|Any CPU.Build.0 = Release|Any CPU
		{6C17EFD4-C45A-4B10-A89B-68F2585BFCEB}.Release|x64.ActiveCfg = Release|Any CPU
		{6C17EFD4-C45A-4B10-A89B-68F2585BFCEB}.Release|x64.Build.0 = Release|Any CPU
		{6C17EFD4-C45A-4B10-A89B-68F2585BFCEB}.Release|x86.ActiveCfg = Release|Any CPU
		{6C17EFD4-C45A-4B10-A89B-68F2585BFCEB}.Release|x86.Build.0 = Release|Any CPU
		{33B59222-F83C-457C-A736-470FF2507FC3}.Debug|Any CPU.ActiveCfg = Debug|Any CPU
		{33B59222-F83C-457C-A736-470FF2507FC3}.Debug|Any CPU.Build.0 = Debug|Any CPU
		{33B59222-F83C-457C-A736-470FF2507FC3}.Debug|x64.ActiveCfg = Debug|Any CPU
		{33B59222-F83C-457C-A736-470FF2507FC3}.Debug|x64.Build.0 = Debug|Any CPU
		{33B59222-F83C-457C-A736-470FF2507FC3}.Debug|x86.ActiveCfg = Debug|Any CPU
		{33B59222-F83C-457C-A736-470FF2507FC3}.Debug|x86.Build.0 = Debug|Any CPU
		{33B59222-F83C-457C-A736-470FF2507FC3}.Release|Any CPU.ActiveCfg = Release|Any CPU
		{33B59222-F83C-457C-A736-470FF2507FC3}.Release|Any CPU.Build.0 = Release|Any CPU
		{33B59222-F83C-457C-A736-470FF2507FC3}.Release|x64.ActiveCfg = Release|Any CPU
		{33B59222-F83C-457C-A736-470FF2507FC3}.Release|x64.Build.0 = Release|Any CPU
		{33B59222-F83C-457C-A736-470FF2507FC3}.Release|x86.ActiveCfg = Release|Any CPU
		{33B59222-F83C-457C-A736-470FF2507FC3}.Release|x86.Build.0 = Release|Any CPU
		{0CE58719-AA39-48CA-AA47-AE83066D53EB}.Debug|Any CPU.ActiveCfg = Debug|Any CPU
		{0CE58719-AA39-48CA-AA47-AE83066D53EB}.Debug|Any CPU.Build.0 = Debug|Any CPU
		{0CE58719-AA39-48CA-AA47-AE83066D53EB}.Debug|x64.ActiveCfg = Debug|Any CPU
		{0CE58719-AA39-48CA-AA47-AE83066D53EB}.Debug|x64.Build.0 = Debug|Any CPU
		{0CE58719-AA39-48CA-AA47-AE83066D53EB}.Debug|x86.ActiveCfg = Debug|Any CPU
		{0CE58719-AA39-48CA-AA47-AE83066D53EB}.Debug|x86.Build.0 = Debug|Any CPU
		{0CE58719-AA39-48CA-AA47-AE83066D53EB}.Release|Any CPU.ActiveCfg = Release|Any CPU
		{0CE58719-AA39-48CA-AA47-AE83066D53EB}.Release|Any CPU.Build.0 = Release|Any CPU
		{0CE58719-AA39-48CA-AA47-AE83066D53EB}.Release|x64.ActiveCfg = Release|Any CPU
		{0CE58719-AA39-48CA-AA47-AE83066D53EB}.Release|x64.Build.0 = Release|Any CPU
		{0CE58719-AA39-48CA-AA47-AE83066D53EB}.Release|x86.ActiveCfg = Release|Any CPU
		{0CE58719-AA39-48CA-AA47-AE83066D53EB}.Release|x86.Build.0 = Release|Any CPU
	EndGlobalSection
	GlobalSection(SolutionProperties) = preSolution
		HideSolutionNode = FALSE
	EndGlobalSection
	GlobalSection(ExtensibilityGlobals) = postSolution
		SolutionGuid = {49A618CE-5F12-4E24-A530-BD8DA5F1CD64}
	EndGlobalSection
EndGlobal